// !$*UTF8*$!
{
	archiveVersion = 1;
	classes = {
	};
	objectVersion = 55;
	objects = {

/* Begin PBXBuildFile section */
		EE21934727CF659C002A28F3 /* TrackCollectionHeaderView.swift in Sources */ = {isa = PBXBuildFile; fileRef = EE21934627CF659C002A28F3 /* TrackCollectionHeaderView.swift */; };
		EEBF13E227CE636D006EFD64 /* AppDelegate.swift in Sources */ = {isa = PBXBuildFile; fileRef = EEBF13E127CE636D006EFD64 /* AppDelegate.swift */; };
		EEBF13E427CE636D006EFD64 /* SceneDelegate.swift in Sources */ = {isa = PBXBuildFile; fileRef = EEBF13E327CE636D006EFD64 /* SceneDelegate.swift */; };
		EEBF13E627CE636D006EFD64 /* HomeViewController.swift in Sources */ = {isa = PBXBuildFile; fileRef = EEBF13E527CE636D006EFD64 /* HomeViewController.swift */; };
		EEBF13E927CE636D006EFD64 /* Main.storyboard in Resources */ = {isa = PBXBuildFile; fileRef = EEBF13E727CE636D006EFD64 /* Main.storyboard */; };
		EEBF13EB27CE6370006EFD64 /* Assets.xcassets in Resources */ = {isa = PBXBuildFile; fileRef = EEBF13EA27CE6370006EFD64 /* Assets.xcassets */; };
		EEBF13EE27CE6370006EFD64 /* LaunchScreen.storyboard in Resources */ = {isa = PBXBuildFile; fileRef = EEBF13EC27CE6370006EFD64 /* LaunchScreen.storyboard */; };
		EEBF13F727CE6781006EFD64 /* TrackCollectionViewCell.swift in Sources */ = {isa = PBXBuildFile; fileRef = EEBF13F627CE6781006EFD64 /* TrackCollectionViewCell.swift */; };
		EEBF13FA27CE7E2B006EFD64 /* Track.swift in Sources */ = {isa = PBXBuildFile; fileRef = EEBF13F927CE7E2B006EFD64 /* Track.swift */; };
		EEBF13FC27CE7EB7006EFD64 /* TrackManager.swift in Sources */ = {isa = PBXBuildFile; fileRef = EEBF13FB27CE7EB7006EFD64 /* TrackManager.swift */; };
		EEBF141427CE7FF3006EFD64 /* memories (listen on spotify from 3am ep).mp3 in Resources */ = {isa = PBXBuildFile; fileRef = EEBF13FE27CE7FF3006EFD64 /* memories (listen on spotify from 3am ep).mp3 */; };
		EEBF141527CE7FF3006EFD64 /* im trying to find myself.mp3 in Resources */ = {isa = PBXBuildFile; fileRef = EEBF13FF27CE7FF3006EFD64 /* im trying to find myself.mp3 */; };
		EEBF141627CE7FF3006EFD64 /* when the leaves start falling.mp3 in Resources */ = {isa = PBXBuildFile; fileRef = EEBF140027CE7FF3006EFD64 /* when the leaves start falling.mp3 */; };
		EEBF141727CE7FF3006EFD64 /* distant moon (spotify apple etc).mp3 in Resources */ = {isa = PBXBuildFile; fileRef = EEBF140127CE7FF3006EFD64 /* distant moon (spotify apple etc).mp3 */; };
		EEBF141827CE7FF3006EFD64 /* aruarian dance [lounge version].mp3 in Resources */ = {isa = PBXBuildFile; fileRef = EEBF140227CE7FF3006EFD64 /* aruarian dance [lounge version].mp3 */; };
		EEBF141927CE7FF3006EFD64 /* Bike Rides On The Block.mp3 in Resources */ = {isa = PBXBuildFile; fileRef = EEBF140327CE7FF3006EFD64 /* Bike Rides On The Block.mp3 */; };
		EEBF141A27CE7FF3006EFD64 /* Letting Go.mp3 in Resources */ = {isa = PBXBuildFile; fileRef = EEBF140427CE7FF3006EFD64 /* Letting Go.mp3 */; };
		EEBF141B27CE7FF3006EFD64 /* valentin.mp3 in Resources */ = {isa = PBXBuildFile; fileRef = EEBF140527CE7FF3006EFD64 /* valentin.mp3 */; };
		EEBF141C27CE7FF3006EFD64 /* elijah who - hello.mp3 in Resources */ = {isa = PBXBuildFile; fileRef = EEBF140627CE7FF3006EFD64 /* elijah who - hello.mp3 */; };
		EEBF141D27CE7FF3006EFD64 /* Moonlight!.mp3 in Resources */ = {isa = PBXBuildFile; fileRef = EEBF140727CE7FF3006EFD64 /* Moonlight!.mp3 */; };
		EEBF141E27CE7FF3006EFD64 /* Getsomerest.mp3 in Resources */ = {isa = PBXBuildFile; fileRef = EEBF140827CE7FF3006EFD64 /* Getsomerest.mp3 */; };
		EEBF141F27CE7FF3006EFD64 /* night calls.mp3 in Resources */ = {isa = PBXBuildFile; fileRef = EEBF140927CE7FF3006EFD64 /* night calls.mp3 */; };
		EEBF142027CE7FF3006EFD64 /* Ocean ride __ 海の乗り.mp3 in Resources */ = {isa = PBXBuildFile; fileRef = EEBF140A27CE7FF3006EFD64 /* Ocean ride __ 海の乗り.mp3 */; };
		EEBF142127CE7FF3006EFD64 /* Missing U In The Raining Day.mp3 in Resources */ = {isa = PBXBuildFile; fileRef = EEBF140B27CE7FF3006EFD64 /* Missing U In The Raining Day.mp3 */; };
		EEBF142227CE7FF3006EFD64 /* Glow.mp3 in Resources */ = {isa = PBXBuildFile; fileRef = EEBF140C27CE7FF3006EFD64 /* Glow.mp3 */; };
		EEBF142327CE7FF3006EFD64 /* Chamomile Tea.mp3 in Resources */ = {isa = PBXBuildFile; fileRef = EEBF140D27CE7FF3006EFD64 /* Chamomile Tea.mp3 */; };
		EEBF142427CE7FF3006EFD64 /* [ asleep ].mp3 in Resources */ = {isa = PBXBuildFile; fileRef = EEBF140E27CE7FF3006EFD64 /* [ asleep ].mp3 */; };
		EEBF142527CE7FF3006EFD64 /* Sampled in your own sweet way.mp3 in Resources */ = {isa = PBXBuildFile; fileRef = EEBF140F27CE7FF3006EFD64 /* Sampled in your own sweet way.mp3 */; };
		EEBF142627CE7FF3006EFD64 /* always you.mp3 in Resources */ = {isa = PBXBuildFile; fileRef = EEBF141027CE7FF3006EFD64 /* always you.mp3 */; };
		EEBF142727CE7FF3006EFD64 /* i fell in love with you one night in september..mp3 in Resources */ = {isa = PBXBuildFile; fileRef = EEBF141127CE7FF3006EFD64 /* i fell in love with you one night in september..mp3 */; };
		EEBF142827CE7FF3006EFD64 /* tranquility.mp3 in Resources */ = {isa = PBXBuildFile; fileRef = EEBF141227CE7FF3006EFD64 /* tranquility.mp3 */; };
		EEBF142927CE7FF3006EFD64 /* Sleepless.mp3 in Resources */ = {isa = PBXBuildFile; fileRef = EEBF141327CE7FF3006EFD64 /* Sleepless.mp3 */; };
		EEBF142B27CE8175006EFD64 /* Extension_AVPlayerITem.swift in Sources */ = {isa = PBXBuildFile; fileRef = EEBF142A27CE8175006EFD64 /* Extension_AVPlayerITem.swift */; };
		EEF0B03927CFA1F2009DB3EB /* Player.storyboard in Resources */ = {isa = PBXBuildFile; fileRef = EEF0B03827CFA1F2009DB3EB /* Player.storyboard */; };
		EEF0B03B27CFA203009DB3EB /* PlayerViewController.swift in Sources */ = {isa = PBXBuildFile; fileRef = EEF0B03A27CFA203009DB3EB /* PlayerViewController.swift */; };
/* End PBXBuildFile section */

/* Begin PBXFileReference section */
		EE21934627CF659C002A28F3 /* TrackCollectionHeaderView.swift */ = {isa = PBXFileReference; lastKnownFileType = sourcecode.swift; path = TrackCollectionHeaderView.swift; sourceTree = "<group>"; };
		EEBF13DE27CE636D006EFD64 /* MusicPlayer.app */ = {isa = PBXFileReference; explicitFileType = wrapper.application; includeInIndex = 0; path = MusicPlayer.app; sourceTree = BUILT_PRODUCTS_DIR; };
		EEBF13E127CE636D006EFD64 /* AppDelegate.swift */ = {isa = PBXFileReference; lastKnownFileType = sourcecode.swift; path = AppDelegate.swift; sourceTree = "<group>"; };
		EEBF13E327CE636D006EFD64 /* SceneDelegate.swift */ = {isa = PBXFileReference; lastKnownFileType = sourcecode.swift; path = SceneDelegate.swift; sourceTree = "<group>"; };
		EEBF13E527CE636D006EFD64 /* HomeViewController.swift */ = {isa = PBXFileReference; lastKnownFileType = sourcecode.swift; path = HomeViewController.swift; sourceTree = "<group>"; };
		EEBF13E827CE636D006EFD64 /* Base */ = {isa = PBXFileReference; lastKnownFileType = file.storyboard; name = Base; path = Base.lproj/Main.storyboard; sourceTree = "<group>"; };
		EEBF13EA27CE6370006EFD64 /* Assets.xcassets */ = {isa = PBXFileReference; lastKnownFileType = folder.assetcatalog; path = Assets.xcassets; sourceTree = "<group>"; };
		EEBF13ED27CE6370006EFD64 /* Base */ = {isa = PBXFileReference; lastKnownFileType = file.storyboard; name = Base; path = Base.lproj/LaunchScreen.storyboard; sourceTree = "<group>"; };
		EEBF13EF27CE6370006EFD64 /* Info.plist */ = {isa = PBXFileReference; lastKnownFileType = text.plist.xml; path = Info.plist; sourceTree = "<group>"; };
		EEBF13F627CE6781006EFD64 /* TrackCollectionViewCell.swift */ = {isa = PBXFileReference; lastKnownFileType = sourcecode.swift; path = TrackCollectionViewCell.swift; sourceTree = "<group>"; };
		EEBF13F927CE7E2B006EFD64 /* Track.swift */ = {isa = PBXFileReference; lastKnownFileType = sourcecode.swift; path = Track.swift; sourceTree = "<group>"; };
		EEBF13FB27CE7EB7006EFD64 /* TrackManager.swift */ = {isa = PBXFileReference; lastKnownFileType = sourcecode.swift; path = TrackManager.swift; sourceTree = "<group>"; };
		EEBF13FE27CE7FF3006EFD64 /* memories (listen on spotify from 3am ep).mp3 */ = {isa = PBXFileReference; lastKnownFileType = audio.mp3; path = "memories (listen on spotify from 3am ep).mp3"; sourceTree = "<group>"; };
		EEBF13FF27CE7FF3006EFD64 /* im trying to find myself.mp3 */ = {isa = PBXFileReference; lastKnownFileType = audio.mp3; path = "im trying to find myself.mp3"; sourceTree = "<group>"; };
		EEBF140027CE7FF3006EFD64 /* when the leaves start falling.mp3 */ = {isa = PBXFileReference; lastKnownFileType = audio.mp3; path = "when the leaves start falling.mp3"; sourceTree = "<group>"; };
		EEBF140127CE7FF3006EFD64 /* distant moon (spotify apple etc).mp3 */ = {isa = PBXFileReference; lastKnownFileType = audio.mp3; path = "distant moon (spotify apple etc).mp3"; sourceTree = "<group>"; };
		EEBF140227CE7FF3006EFD64 /* aruarian dance [lounge version].mp3 */ = {isa = PBXFileReference; lastKnownFileType = audio.mp3; path = "aruarian dance [lounge version].mp3"; sourceTree = "<group>"; };
		EEBF140327CE7FF3006EFD64 /* Bike Rides On The Block.mp3 */ = {isa = PBXFileReference; lastKnownFileType = audio.mp3; path = "Bike Rides On The Block.mp3"; sourceTree = "<group>"; };
		EEBF140427CE7FF3006EFD64 /* Letting Go.mp3 */ = {isa = PBXFileReference; lastKnownFileType = audio.mp3; path = "Letting Go.mp3"; sourceTree = "<group>"; };
		EEBF140527CE7FF3006EFD64 /* valentin.mp3 */ = {isa = PBXFileReference; lastKnownFileType = audio.mp3; path = valentin.mp3; sourceTree = "<group>"; };
		EEBF140627CE7FF3006EFD64 /* elijah who - hello.mp3 */ = {isa = PBXFileReference; lastKnownFileType = audio.mp3; path = "elijah who - hello.mp3"; sourceTree = "<group>"; };
		EEBF140727CE7FF3006EFD64 /* Moonlight!.mp3 */ = {isa = PBXFileReference; lastKnownFileType = audio.mp3; path = "Moonlight!.mp3"; sourceTree = "<group>"; };
		EEBF140827CE7FF3006EFD64 /* Getsomerest.mp3 */ = {isa = PBXFileReference; lastKnownFileType = audio.mp3; path = Getsomerest.mp3; sourceTree = "<group>"; };
		EEBF140927CE7FF3006EFD64 /* night calls.mp3 */ = {isa = PBXFileReference; lastKnownFileType = audio.mp3; path = "night calls.mp3"; sourceTree = "<group>"; };
		EEBF140A27CE7FF3006EFD64 /* Ocean ride __ 海の乗り.mp3 */ = {isa = PBXFileReference; lastKnownFileType = audio.mp3; path = "Ocean ride __ 海の乗り.mp3"; sourceTree = "<group>"; };
		EEBF140B27CE7FF3006EFD64 /* Missing U In The Raining Day.mp3 */ = {isa = PBXFileReference; lastKnownFileType = audio.mp3; path = "Missing U In The Raining Day.mp3"; sourceTree = "<group>"; };
		EEBF140C27CE7FF3006EFD64 /* Glow.mp3 */ = {isa = PBXFileReference; lastKnownFileType = audio.mp3; path = Glow.mp3; sourceTree = "<group>"; };
		EEBF140D27CE7FF3006EFD64 /* Chamomile Tea.mp3 */ = {isa = PBXFileReference; lastKnownFileType = audio.mp3; path = "Chamomile Tea.mp3"; sourceTree = "<group>"; };
		EEBF140E27CE7FF3006EFD64 /* [ asleep ].mp3 */ = {isa = PBXFileReference; lastKnownFileType = audio.mp3; path = "[ asleep ].mp3"; sourceTree = "<group>"; };
		EEBF140F27CE7FF3006EFD64 /* Sampled in your own sweet way.mp3 */ = {isa = PBXFileReference; lastKnownFileType = audio.mp3; path = "Sampled in your own sweet way.mp3"; sourceTree = "<group>"; };
		EEBF141027CE7FF3006EFD64 /* always you.mp3 */ = {isa = PBXFileReference; lastKnownFileType = audio.mp3; path = "always you.mp3"; sourceTree = "<group>"; };
		EEBF141127CE7FF3006EFD64 /* i fell in love with you one night in september..mp3 */ = {isa = PBXFileReference; lastKnownFileType = audio.mp3; path = "i fell in love with you one night in september..mp3"; sourceTree = "<group>"; };
		EEBF141227CE7FF3006EFD64 /* tranquility.mp3 */ = {isa = PBXFileReference; lastKnownFileType = audio.mp3; path = tranquility.mp3; sourceTree = "<group>"; };
		EEBF141327CE7FF3006EFD64 /* Sleepless.mp3 */ = {isa = PBXFileReference; lastKnownFileType = audio.mp3; path = Sleepless.mp3; sourceTree = "<group>"; };
		EEBF142A27CE8175006EFD64 /* Extension_AVPlayerITem.swift */ = {isa = PBXFileReference; lastKnownFileType = sourcecode.swift; path = Extension_AVPlayerITem.swift; sourceTree = "<group>"; };
		EEF0B03827CFA1F2009DB3EB /* Player.storyboard */ = {isa = PBXFileReference; lastKnownFileType = file.storyboard; path = Player.storyboard; sourceTree = "<group>"; };
		EEF0B03A27CFA203009DB3EB /* PlayerViewController.swift */ = {isa = PBXFileReference; lastKnownFileType = sourcecode.swift; path = PlayerViewController.swift; sourceTree = "<group>"; };
/* End PBXFileReference section */

/* Begin PBXFrameworksBuildPhase section */
		EEBF13DB27CE636D006EFD64 /* Frameworks */ = {
			isa = PBXFrameworksBuildPhase;
			buildActionMask = 2147483647;
			files = (
			);
			runOnlyForDeploymentPostprocessing = 0;
		};
/* End PBXFrameworksBuildPhase section */

/* Begin PBXGroup section */
		EEBF13D527CE636D006EFD64 = {
			isa = PBXGroup;
			children = (
				EEBF13E027CE636D006EFD64 /* MusicPlayer */,
				EEBF13DF27CE636D006EFD64 /* Products */,
			);
			sourceTree = "<group>";
		};
		EEBF13DF27CE636D006EFD64 /* Products */ = {
			isa = PBXGroup;
			children = (
				EEBF13DE27CE636D006EFD64 /* MusicPlayer.app */,
			);
			name = Products;
			sourceTree = "<group>";
		};
		EEBF13E027CE636D006EFD64 /* MusicPlayer */ = {
			isa = PBXGroup;
			children = (
				EEF0B03727CFA1DC009DB3EB /* Player */,
				EEBF13F827CE7E06006EFD64 /* Track */,
				EEBF13F527CE6762006EFD64 /* Home */,
				EEBF13FD27CE7FF3006EFD64 /* Resources */,
				EEBF13E127CE636D006EFD64 /* AppDelegate.swift */,
				EEBF13E327CE636D006EFD64 /* SceneDelegate.swift */,
				EEBF13EA27CE6370006EFD64 /* Assets.xcassets */,
				EEBF13EC27CE6370006EFD64 /* LaunchScreen.storyboard */,
				EEBF13EF27CE6370006EFD64 /* Info.plist */,
			);
			path = MusicPlayer;
			sourceTree = "<group>";
		};
		EEBF13F527CE6762006EFD64 /* Home */ = {
			isa = PBXGroup;
			children = (
				EEBF13E727CE636D006EFD64 /* Main.storyboard */,
				EEBF13E527CE636D006EFD64 /* HomeViewController.swift */,
				EEBF13F627CE6781006EFD64 /* TrackCollectionViewCell.swift */,
				EE21934627CF659C002A28F3 /* TrackCollectionHeaderView.swift */,
			);
			path = Home;
			sourceTree = "<group>";
		};
		EEBF13F827CE7E06006EFD64 /* Track */ = {
			isa = PBXGroup;
			children = (
				EEBF13F927CE7E2B006EFD64 /* Track.swift */,
				EEBF13FB27CE7EB7006EFD64 /* TrackManager.swift */,
				EEBF142A27CE8175006EFD64 /* Extension_AVPlayerITem.swift */,
			);
			path = Track;
			sourceTree = "<group>";
		};
		EEBF13FD27CE7FF3006EFD64 /* Resources */ = {
			isa = PBXGroup;
			children = (
				EEBF13FE27CE7FF3006EFD64 /* memories (listen on spotify from 3am ep).mp3 */,
				EEBF13FF27CE7FF3006EFD64 /* im trying to find myself.mp3 */,
				EEBF140027CE7FF3006EFD64 /* when the leaves start falling.mp3 */,
				EEBF140127CE7FF3006EFD64 /* distant moon (spotify apple etc).mp3 */,
				EEBF140227CE7FF3006EFD64 /* aruarian dance [lounge version].mp3 */,
				EEBF140327CE7FF3006EFD64 /* Bike Rides On The Block.mp3 */,
				EEBF140427CE7FF3006EFD64 /* Letting Go.mp3 */,
				EEBF140527CE7FF3006EFD64 /* valentin.mp3 */,
				EEBF140627CE7FF3006EFD64 /* elijah who - hello.mp3 */,
				EEBF140727CE7FF3006EFD64 /* Moonlight!.mp3 */,
				EEBF140827CE7FF3006EFD64 /* Getsomerest.mp3 */,
				EEBF140927CE7FF3006EFD64 /* night calls.mp3 */,
				EEBF140A27CE7FF3006EFD64 /* Ocean ride __ 海の乗り.mp3 */,
				EEBF140B27CE7FF3006EFD64 /* Missing U In The Raining Day.mp3 */,
				EEBF140C27CE7FF3006EFD64 /* Glow.mp3 */,
				EEBF140D27CE7FF3006EFD64 /* Chamomile Tea.mp3 */,
				EEBF140E27CE7FF3006EFD64 /* [ asleep ].mp3 */,
				EEBF140F27CE7FF3006EFD64 /* Sampled in your own sweet way.mp3 */,
				EEBF141027CE7FF3006EFD64 /* always you.mp3 */,
				EEBF141127CE7FF3006EFD64 /* i fell in love with you one night in september..mp3 */,
				EEBF141227CE7FF3006EFD64 /* tranquility.mp3 */,
				EEBF141327CE7FF3006EFD64 /* Sleepless.mp3 */,
			);
			path = Resources;
			sourceTree = "<group>";
		};
		EEF0B03727CFA1DC009DB3EB /* Player */ = {
			isa = PBXGroup;
			children = (
				EEF0B03827CFA1F2009DB3EB /* Player.storyboard */,
				EEF0B03A27CFA203009DB3EB /* PlayerViewController.swift */,
			);
			path = Player;
			sourceTree = "<group>";
		};
/* End PBXGroup section */

/* Begin PBXNativeTarget section */
		EEBF13DD27CE636D006EFD64 /* MusicPlayer */ = {
			isa = PBXNativeTarget;
			buildConfigurationList = EEBF13F227CE6370006EFD64 /* Build configuration list for PBXNativeTarget "MusicPlayer" */;
			buildPhases = (
				EEBF13DA27CE636D006EFD64 /* Sources */,
				EEBF13DB27CE636D006EFD64 /* Frameworks */,
				EEBF13DC27CE636D006EFD64 /* Resources */,
			);
			buildRules = (
			);
			dependencies = (
			);
			name = MusicPlayer;
			productName = MusicPlayer;
			productReference = EEBF13DE27CE636D006EFD64 /* MusicPlayer.app */;
			productType = "com.apple.product-type.application";
		};
/* End PBXNativeTarget section */

/* Begin PBXProject section */
		EEBF13D627CE636D006EFD64 /* Project object */ = {
			isa = PBXProject;
			attributes = {
				BuildIndependentTargetsInParallel = 1;
				LastSwiftUpdateCheck = 1320;
				LastUpgradeCheck = 1320;
				TargetAttributes = {
					EEBF13DD27CE636D006EFD64 = {
						CreatedOnToolsVersion = 13.2.1;
					};
				};
			};
			buildConfigurationList = EEBF13D927CE636D006EFD64 /* Build configuration list for PBXProject "MusicPlayer" */;
			compatibilityVersion = "Xcode 13.0";
			developmentRegion = en;
			hasScannedForEncodings = 0;
			knownRegions = (
				en,
				Base,
			);
			mainGroup = EEBF13D527CE636D006EFD64;
			productRefGroup = EEBF13DF27CE636D006EFD64 /* Products */;
			projectDirPath = "";
			projectRoot = "";
			targets = (
				EEBF13DD27CE636D006EFD64 /* MusicPlayer */,
			);
		};
/* End PBXProject section */

/* Begin PBXResourcesBuildPhase section */
		EEBF13DC27CE636D006EFD64 /* Resources */ = {
			isa = PBXResourcesBuildPhase;
			buildActionMask = 2147483647;
			files = (
				EEBF142327CE7FF3006EFD64 /* Chamomile Tea.mp3 in Resources */,
				EEBF141927CE7FF3006EFD64 /* Bike Rides On The Block.mp3 in Resources */,
				EEBF142427CE7FF3006EFD64 /* [ asleep ].mp3 in Resources */,
				EEBF141A27CE7FF3006EFD64 /* Letting Go.mp3 in Resources */,
				EEBF142027CE7FF3006EFD64 /* Ocean ride __ 海の乗り.mp3 in Resources */,
				EEF0B03927CFA1F2009DB3EB /* Player.storyboard in Resources */,
				EEBF141527CE7FF3006EFD64 /* im trying to find myself.mp3 in Resources */,
				EEBF141627CE7FF3006EFD64 /* when the leaves start falling.mp3 in Resources */,
				EEBF141C27CE7FF3006EFD64 /* elijah who - hello.mp3 in Resources */,
				EEBF141727CE7FF3006EFD64 /* distant moon (spotify apple etc).mp3 in Resources */,
				EEBF142727CE7FF3006EFD64 /* i fell in love with you one night in september..mp3 in Resources */,
				EEBF141427CE7FF3006EFD64 /* memories (listen on spotify from 3am ep).mp3 in Resources */,
				EEBF142827CE7FF3006EFD64 /* tranquility.mp3 in Resources */,
				EEBF141E27CE7FF3006EFD64 /* Getsomerest.mp3 in Resources */,
				EEBF142227CE7FF3006EFD64 /* Glow.mp3 in Resources */,
				EEBF142127CE7FF3006EFD64 /* Missing U In The Raining Day.mp3 in Resources */,
				EEBF141F27CE7FF3006EFD64 /* night calls.mp3 in Resources */,
				EEBF142527CE7FF3006EFD64 /* Sampled in your own sweet way.mp3 in Resources */,
				EEBF13EE27CE6370006EFD64 /* LaunchScreen.storyboard in Resources */,
				EEBF13EB27CE6370006EFD64 /* Assets.xcassets in Resources */,
				EEBF13E927CE636D006EFD64 /* Main.storyboard in Resources */,
				EEBF141D27CE7FF3006EFD64 /* Moonlight!.mp3 in Resources */,
				EEBF141827CE7FF3006EFD64 /* aruarian dance [lounge version].mp3 in Resources */,
				EEBF142627CE7FF3006EFD64 /* always you.mp3 in Resources */,
				EEBF141B27CE7FF3006EFD64 /* valentin.mp3 in Resources */,
				EEBF142927CE7FF3006EFD64 /* Sleepless.mp3 in Resources */,
			);
			runOnlyForDeploymentPostprocessing = 0;
		};
/* End PBXResourcesBuildPhase section */

/* Begin PBXSourcesBuildPhase section */
		EEBF13DA27CE636D006EFD64 /* Sources */ = {
			isa = PBXSourcesBuildPhase;
			buildActionMask = 2147483647;
			files = (
				EEBF13F727CE6781006EFD64 /* TrackCollectionViewCell.swift in Sources */,
				EEBF13FC27CE7EB7006EFD64 /* TrackManager.swift in Sources */,
				EEBF142B27CE8175006EFD64 /* Extension_AVPlayerITem.swift in Sources */,
				EEBF13FA27CE7E2B006EFD64 /* Track.swift in Sources */,
				EEBF13E627CE636D006EFD64 /* HomeViewController.swift in Sources */,
				EEF0B03B27CFA203009DB3EB /* PlayerViewController.swift in Sources */,
				EEBF13E227CE636D006EFD64 /* AppDelegate.swift in Sources */,
				EEBF13E427CE636D006EFD64 /* SceneDelegate.swift in Sources */,
				EE21934727CF659C002A28F3 /* TrackCollectionHeaderView.swift in Sources */,
			);
			runOnlyForDeploymentPostprocessing = 0;
		};
/* End PBXSourcesBuildPhase section */

/* Begin PBXVariantGroup section */
		EEBF13E727CE636D006EFD64 /* Main.storyboard */ = {
			isa = PBXVariantGroup;
			children = (
				EEBF13E827CE636D006EFD64 /* Base */,
			);
			name = Main.storyboard;
			sourceTree = "<group>";
		};
		EEBF13EC27CE6370006EFD64 /* LaunchScreen.storyboard */ = {
			isa = PBXVariantGroup;
			children = (
				EEBF13ED27CE6370006EFD64 /* Base */,
			);
			name = LaunchScreen.storyboard;
			sourceTree = "<group>";
		};
/* End PBXVariantGroup section */

/* Begin XCBuildConfiguration section */
		EEBF13F027CE6370006EFD64 /* Debug */ = {
			isa = XCBuildConfiguration;
			buildSettings = {
				ALWAYS_SEARCH_USER_PATHS = NO;
				CLANG_ANALYZER_NONNULL = YES;
				CLANG_ANALYZER_NUMBER_OBJECT_CONVERSION = YES_AGGRESSIVE;
				CLANG_CXX_LANGUAGE_STANDARD = "gnu++17";
				CLANG_CXX_LIBRARY = "libc++";
				CLANG_ENABLE_MODULES = YES;
				CLANG_ENABLE_OBJC_ARC = YES;
				CLANG_ENABLE_OBJC_WEAK = YES;
				CLANG_WARN_BLOCK_CAPTURE_AUTORELEASING = YES;
				CLANG_WARN_BOOL_CONVERSION = YES;
				CLANG_WARN_COMMA = YES;
				CLANG_WARN_CONSTANT_CONVERSION = YES;
				CLANG_WARN_DEPRECATED_OBJC_IMPLEMENTATIONS = YES;
				CLANG_WARN_DIRECT_OBJC_ISA_USAGE = YES_ERROR;
				CLANG_WARN_DOCUMENTATION_COMMENTS = YES;
				CLANG_WARN_EMPTY_BODY = YES;
				CLANG_WARN_ENUM_CONVERSION = YES;
				CLANG_WARN_INFINITE_RECURSION = YES;
				CLANG_WARN_INT_CONVERSION = YES;
				CLANG_WARN_NON_LITERAL_NULL_CONVERSION = YES;
				CLANG_WARN_OBJC_IMPLICIT_RETAIN_SELF = YES;
				CLANG_WARN_OBJC_LITERAL_CONVERSION = YES;
				CLANG_WARN_OBJC_ROOT_CLASS = YES_ERROR;
				CLANG_WARN_QUOTED_INCLUDE_IN_FRAMEWORK_HEADER = YES;
				CLANG_WARN_RANGE_LOOP_ANALYSIS = YES;
				CLANG_WARN_STRICT_PROTOTYPES = YES;
				CLANG_WARN_SUSPICIOUS_MOVE = YES;
				CLANG_WARN_UNGUARDED_AVAILABILITY = YES_AGGRESSIVE;
				CLANG_WARN_UNREACHABLE_CODE = YES;
				CLANG_WARN__DUPLICATE_METHOD_MATCH = YES;
				COPY_PHASE_STRIP = NO;
				DEBUG_INFORMATION_FORMAT = dwarf;
				ENABLE_STRICT_OBJC_MSGSEND = YES;
				ENABLE_TESTABILITY = YES;
				GCC_C_LANGUAGE_STANDARD = gnu11;
				GCC_DYNAMIC_NO_PIC = NO;
				GCC_NO_COMMON_BLOCKS = YES;
				GCC_OPTIMIZATION_LEVEL = 0;
				GCC_PREPROCESSOR_DEFINITIONS = (
					"DEBUG=1",
					"$(inherited)",
				);
				GCC_WARN_64_TO_32_BIT_CONVERSION = YES;
				GCC_WARN_ABOUT_RETURN_TYPE = YES_ERROR;
				GCC_WARN_UNDECLARED_SELECTOR = YES;
				GCC_WARN_UNINITIALIZED_AUTOS = YES_AGGRESSIVE;
				GCC_WARN_UNUSED_FUNCTION = YES;
				GCC_WARN_UNUSED_VARIABLE = YES;
				IPHONEOS_DEPLOYMENT_TARGET = 15.2;
				MTL_ENABLE_DEBUG_INFO = INCLUDE_SOURCE;
				MTL_FAST_MATH = YES;
				ONLY_ACTIVE_ARCH = YES;
				SDKROOT = iphoneos;
				SWIFT_ACTIVE_COMPILATION_CONDITIONS = DEBUG;
				SWIFT_OPTIMIZATION_LEVEL = "-Onone";
			};
			name = Debug;
		};
		EEBF13F127CE6370006EFD64 /* Release */ = {
			isa = XCBuildConfiguration;
			buildSettings = {
				ALWAYS_SEARCH_USER_PATHS = NO;
				CLANG_ANALYZER_NONNULL = YES;
				CLANG_ANALYZER_NUMBER_OBJECT_CONVERSION = YES_AGGRESSIVE;
				CLANG_CXX_LANGUAGE_STANDARD = "gnu++17";
				CLANG_CXX_LIBRARY = "libc++";
				CLANG_ENABLE_MODULES = YES;
				CLANG_ENABLE_OBJC_ARC = YES;
				CLANG_ENABLE_OBJC_WEAK = YES;
				CLANG_WARN_BLOCK_CAPTURE_AUTORELEASING = YES;
				CLANG_WARN_BOOL_CONVERSION = YES;
				CLANG_WARN_COMMA = YES;
				CLANG_WARN_CONSTANT_CONVERSION = YES;
				CLANG_WARN_DEPRECATED_OBJC_IMPLEMENTATIONS = YES;
				CLANG_WARN_DIRECT_OBJC_ISA_USAGE = YES_ERROR;
				CLANG_WARN_DOCUMENTATION_COMMENTS = YES;
				CLANG_WARN_EMPTY_BODY = YES;
				CLANG_WARN_ENUM_CONVERSION = YES;
				CLANG_WARN_INFINITE_RECURSION = YES;
				CLANG_WARN_INT_CONVERSION = YES;
				CLANG_WARN_NON_LITERAL_NULL_CONVERSION = YES;
				CLANG_WARN_OBJC_IMPLICIT_RETAIN_SELF = YES;
				CLANG_WARN_OBJC_LITERAL_CONVERSION = YES;
				CLANG_WARN_OBJC_ROOT_CLASS = YES_ERROR;
				CLANG_WARN_QUOTED_INCLUDE_IN_FRAMEWORK_HEADER = YES;
				CLANG_WARN_RANGE_LOOP_ANALYSIS = YES;
				CLANG_WARN_STRICT_PROTOTYPES = YES;
				CLANG_WARN_SUSPICIOUS_MOVE = YES;
				CLANG_WARN_UNGUARDED_AVAILABILITY = YES_AGGRESSIVE;
				CLANG_WARN_UNREACHABLE_CODE = YES;
				CLANG_WARN__DUPLICATE_METHOD_MATCH = YES;
				COPY_PHASE_STRIP = NO;
				DEBUG_INFORMATION_FORMAT = "dwarf-with-dsym";
				ENABLE_NS_ASSERTIONS = NO;
				ENABLE_STRICT_OBJC_MSGSEND = YES;
				GCC_C_LANGUAGE_STANDARD = gnu11;
				GCC_NO_COMMON_BLOCKS = YES;
				GCC_WARN_64_TO_32_BIT_CONVERSION = YES;
				GCC_WARN_ABOUT_RETURN_TYPE = YES_ERROR;
				GCC_WARN_UNDECLARED_SELECTOR = YES;
				GCC_WARN_UNINITIALIZED_AUTOS = YES_AGGRESSIVE;
				GCC_WARN_UNUSED_FUNCTION = YES;
				GCC_WARN_UNUSED_VARIABLE = YES;
				IPHONEOS_DEPLOYMENT_TARGET = 15.2;
				MTL_ENABLE_DEBUG_INFO = NO;
				MTL_FAST_MATH = YES;
				SDKROOT = iphoneos;
				SWIFT_COMPILATION_MODE = wholemodule;
				SWIFT_OPTIMIZATION_LEVEL = "-O";
				VALIDATE_PRODUCT = YES;
			};
			name = Release;
		};
		EEBF13F327CE6370006EFD64 /* Debug */ = {
			isa = XCBuildConfiguration;
			buildSettings = {
				ASSETCATALOG_COMPILER_APPICON_NAME = AppIcon;
				ASSETCATALOG_COMPILER_GLOBAL_ACCENT_COLOR_NAME = AccentColor;
				CODE_SIGN_STYLE = Automatic;
				CURRENT_PROJECT_VERSION = 1;
				DEVELOPMENT_TEAM = 588KK9ZA28;
				GENERATE_INFOPLIST_FILE = YES;
				INFOPLIST_FILE = MusicPlayer/Info.plist;
				INFOPLIST_KEY_UIApplicationSupportsIndirectInputEvents = YES;
				INFOPLIST_KEY_UILaunchStoryboardName = LaunchScreen;
				INFOPLIST_KEY_UIMainStoryboardFile = Main;
				INFOPLIST_KEY_UISupportedInterfaceOrientations_iPad = "UIInterfaceOrientationPortrait UIInterfaceOrientationPortraitUpsideDown UIInterfaceOrientationLandscapeLeft UIInterfaceOrientationLandscapeRight";
				INFOPLIST_KEY_UISupportedInterfaceOrientations_iPhone = "UIInterfaceOrientationPortrait UIInterfaceOrientationLandscapeLeft UIInterfaceOrientationLandscapeRight";
				LD_RUNPATH_SEARCH_PATHS = (
					"$(inherited)",
					"@executable_path/Frameworks",
				);
				MARKETING_VERSION = 1.0;
				PRODUCT_BUNDLE_IDENTIFIER = net.59.MusicPlayer;
				PRODUCT_NAME = "$(TARGET_NAME)";
				SWIFT_EMIT_LOC_STRINGS = YES;
				SWIFT_VERSION = 5.0;
				TARGETED_DEVICE_FAMILY = "1,2";
			};
			name = Debug;
		};
		EEBF13F427CE6370006EFD64 /* Release */ = {
			isa = XCBuildConfiguration;
			buildSettings = {
				ASSETCATALOG_COMPILER_APPICON_NAME = AppIcon;
				ASSETCATALOG_COMPILER_GLOBAL_ACCENT_COLOR_NAME = AccentColor;
				CODE_SIGN_STYLE = Automatic;
				CURRENT_PROJECT_VERSION = 1;
				DEVELOPMENT_TEAM = 588KK9ZA28;
				GENERATE_INFOPLIST_FILE = YES;
				INFOPLIST_FILE = MusicPlayer/Info.plist;
				INFOPLIST_KEY_UIApplicationSupportsIndirectInputEvents = YES;
				INFOPLIST_KEY_UILaunchStoryboardName = LaunchScreen;
				INFOPLIST_KEY_UIMainStoryboardFile = Main;
				INFOPLIST_KEY_UISupportedInterfaceOrientations_iPad = "UIInterfaceOrientationPortrait UIInterfaceOrientationPortraitUpsideDown UIInterfaceOrientationLandscapeLeft UIInterfaceOrientationLandscapeRight";
				INFOPLIST_KEY_UISupportedInterfaceOrientations_iPhone = "UIInterfaceOrientationPortrait UIInterfaceOrientationLandscapeLeft UIInterfaceOrientationLandscapeRight";
				LD_RUNPATH_SEARCH_PATHS = (
					"$(inherited)",
					"@executable_path/Frameworks",
				);
				MARKETING_VERSION = 1.0;
				PRODUCT_BUNDLE_IDENTIFIER = net.59.MusicPlayer;
				PRODUCT_NAME = "$(TARGET_NAME)";
				SWIFT_EMIT_LOC_STRINGS = YES;
				SWIFT_VERSION = 5.0;
				TARGETED_DEVICE_FAMILY = "1,2";
			};
			name = Release;
		};
/* End XCBuildConfiguration section */

/* Begin XCConfigurationList section */
		EEBF13D927CE636D006EFD64 /* Build configuration list for PBXProject "MusicPlayer" */ = {
			isa = XCConfigurationList;
			buildConfigurations = (
				EEBF13F027CE6370006EFD64 /* Debug */,
				EEBF13F127CE6370006EFD64 /* Release */,
			);
			defaultConfigurationIsVisible = 0;
			defaultConfigurationName = Release;
		};
		EEBF13F227CE6370006EFD64 /* Build configuration list for PBXNativeTarget "MusicPlayer" */ = {
			isa = XCConfigurationList;
			buildConfigurations = (
				EEBF13F327CE6370006EFD64 /* Debug */,
				EEBF13F427CE6370006EFD64 /* Release */,
			);
			defaultConfigurationIsVisible = 0;
			defaultConfigurationName = Release;
		};
/* End XCConfigurationList section */
	};
	rootObject = EEBF13D627CE636D006EFD64 /* Project object */;
}
